
Microsoft Visual Studio Solution File, Format Version 12.00
# Visual Studio Version 17
VisualStudioVersion = 17.13.35825.156 d17.13
MinimumVisualStudioVersion = 10.0.40219.1
Project("{FAE04EC0-301F-11D3-BF4B-00C04F79EFBC}") = "ProjectPABD_Forms", "ProjectPABD_Forms\ProjectPABD_Forms.csproj", "{C328C7E7-D214-457D-BC1F-9BE1E4CF48F0}"
EndProject
Global
	GlobalSection(SolutionConfigurationPlatforms) = preSolution
		Debug|Any CPU = Debug|Any CPU
		Release|Any CPU = Release|Any CPU
	EndGlobalSection
	GlobalSection(ProjectConfigurationPlatforms) = postSolution
		{C328C7E7-D214-457D-BC1F-9BE1E4CF48F0}.Debug|Any CPU.ActiveCfg = Debug|Any CPU
		{C328C7E7-D214-457D-BC1F-9BE1E4CF48F0}.Debug|Any CPU.Build.0 = Debug|Any CPU
		{C328C7E7-D214-457D-BC1F-9BE1E4CF48F0}.Release|Any CPU.ActiveCfg = Release|Any CPU
		{C328C7E7-D214-457D-BC1F-9BE1E4CF48F0}.Release|Any CPU.Build.0 = Release|Any CPU
	EndGlobalSection
	GlobalSection(SolutionProperties) = preSolution
		HideSolutionNode = FALSE
	EndGlobalSection
	GlobalSection(ExtensibilityGlobals) = postSolution
		SolutionGuid = {1030E05D-456D-4F9F-A8C4-CA7CBE4A31AD}
	EndGlobalSection
EndGlobal
